
Microsoft Visual Studio Solution File, Format Version 12.00
Project("{FAE04EC0-301F-11D3-BF4B-00C04F79EFBC}") = "Titan.AniTec.Platform", "Titan.AniTec.Platform\Titan.AniTec.Platform.csproj", "{6C40AC1A-E10E-486C-A1EB-B4D3168CB4F0}"
EndProject
Global
	GlobalSection(SolutionConfigurationPlatforms) = preSolution
		Debug|Any CPU = Debug|Any CPU
		Release|Any CPU = Release|Any CPU
	EndGlobalSection
	GlobalSection(ProjectConfigurationPlatforms) = postSolution
		{6C40AC1A-E10E-486C-A1EB-B4D3168CB4F0}.Debug|Any CPU.ActiveCfg = Debug|Any CPU
		{6C40AC1A-E10E-486C-A1EB-B4D3168CB4F0}.Debug|Any CPU.Build.0 = Debug|Any CPU
		{6C40AC1A-E10E-486C-A1EB-B4D3168CB4F0}.Release|Any CPU.ActiveCfg = Release|Any CPU
		{6C40AC1A-E10E-486C-A1EB-B4D3168CB4F0}.Release|Any CPU.Build.0 = Release|Any CPU
	EndGlobalSection
EndGlobal
